
Microsoft Visual Studio Solution File, Format Version 12.00
# Visual Studio Version 16
VisualStudioVersion = 16.0.31205.134
MinimumVisualStudioVersion = 10.0.40219.1
Project("{9A19103F-16F7-4668-BE54-9A1E7A4F7556}") = "Shop", "Shop\Shop.csproj", "{0B428030-C6E9-4E48-A720-18A0F38E5681}"
EndProject
Global
	GlobalSection(SolutionConfigurationPlatforms) = preSolution
		Debug|Any CPU = Debug|Any CPU
		Release|Any CPU = Release|Any CPU
	EndGlobalSection
	GlobalSection(ProjectConfigurationPlatforms) = postSolution
		{0B428030-C6E9-4E48-A720-18A0F38E5681}.Debug|Any CPU.ActiveCfg = Debug|Any CPU
		{0B428030-C6E9-4E48-A720-18A0F38E5681}.Debug|Any CPU.Build.0 = Debug|Any CPU
		{0B428030-C6E9-4E48-A720-18A0F38E5681}.Release|Any CPU.ActiveCfg = Release|Any CPU
		{0B428030-C6E9-4E48-A720-18A0F38E5681}.Release|Any CPU.Build.0 = Release|Any CPU
	EndGlobalSection
	GlobalSection(SolutionProperties) = preSolution
		HideSolutionNode = FALSE
	EndGlobalSection
	GlobalSection(ExtensibilityGlobals) = postSolution
		SolutionGuid = {321C1C9F-DB15-434E-9985-EF188AE92033}
	EndGlobalSection
EndGlobal
